
Microsoft Visual Studio Solution File, Format Version 12.00
# Visual Studio 15
VisualStudioVersion = 15.0.28307.539
MinimumVisualStudioVersion = 10.0.40219.1
Project("{FAE04EC0-301F-11D3-BF4B-00C04F79EFBC}") = "SDPDmitrii4A", "SDPDmitrii4A\SDPDmitrii4A.csproj", "{2336750E-7F7A-413D-8DF8-26FF66DA605A}"
EndProject
Global
	GlobalSection(SolutionConfigurationPlatforms) = preSolution
		Debug|Any CPU = Debug|Any CPU
		Release|Any CPU = Release|Any CPU
	EndGlobalSection
	GlobalSection(ProjectConfigurationPlatforms) = postSolution
		{2336750E-7F7A-413D-8DF8-26FF66DA605A}.Debug|Any CPU.ActiveCfg = Debug|Any CPU
		{2336750E-7F7A-413D-8DF8-26FF66DA605A}.Debug|Any CPU.Build.0 = Debug|Any CPU
		{2336750E-7F7A-413D-8DF8-26FF66DA605A}.Release|Any CPU.ActiveCfg = Release|Any CPU
		{2336750E-7F7A-413D-8DF8-26FF66DA605A}.Release|Any CPU.Build.0 = Release|Any CPU
	EndGlobalSection
	GlobalSection(SolutionProperties) = preSolution
		HideSolutionNode = FALSE
	EndGlobalSection
	GlobalSection(ExtensibilityGlobals) = postSolution
		SolutionGuid = {1C5C018D-B090-4EDD-92CB-8B4AA9367E15}
	EndGlobalSection
EndGlobal
